{
  "name": "mvg-node",
  "version": "1.3.0",
  "lockfileVersion": 2,
  "requires": true,
  "packages": {
    "": {
      "version": "1.3.0",
      "license": "MIT",
      "dependencies": {
        "chalk": "^2.0.1",
        "cli-table": "^0.3.1",
        "meow": "^3.7.0",
        "moment": "^2.18.1",
        "request": "^2.81.0"
      },
      "bin": {
        "mvg-node": "cli.js"
      },
      "engines": {
        "node": ">=7"
      }
    },
    "node_modules/ajv": {
      "version": "6.10.0",
      "license": "MIT",
      "dependencies": {
        "fast-deep-equal": "^2.0.1",
        "fast-json-stable-stringify": "^2.0.0",
        "json-schema-traverse": "^0.4.1",
        "uri-js": "^4.2.2"
      }
    },
    "node_modules/ansi-styles": {
      "version": "3.2.1",
      "license": "MIT",
      "dependencies": {
        "color-convert": "^1.9.0"
      },
      "engines": {
        "node": ">=4"
      }
    },
    "node_modules/array-find-index": {
      "version": "1.0.2",
      "license": "MIT",
      "engines": {
        "node": ">=0.10.0"
      }
    },
    "node_modules/asn1": {
      "version": "0.2.4",
      "license": "MIT",
      "dependencies": {
        "safer-buffer": "~2.1.0"
      }
    },
    "node_modules/assert-plus": {
      "version": "1.0.0",
      "license": "MIT",
      "engines": {
        "node": ">=0.8"
      }
    },
    "node_modules/asynckit": {
      "version": "0.4.0",
      "license": "MIT"
    },
    "node_modules/aws-sign2": {
      "version": "0.7.0",
      "license": "Apache-2.0",
      "engines": {
        "node": "*"
      }
    },
    "node_modules/aws4": {
      "version": "1.8.0",
      "license": "MIT"
    },
    "node_modules/bcrypt-pbkdf": {
      "version": "1.0.2",
      "license": "BSD-3-Clause",
      "dependencies": {
        "tweetnacl": "^0.14.3"
      }
    },
    "node_modules/camelcase": {
      "version": "2.1.1",
      "license": "MIT",
      "engines": {
        "node": ">=0.10.0"
      }
    },
    "node_modules/camelcase-keys": {
      "version": "2.1.0",
      "license": "MIT",
      "dependencies": {
        "camelcase": "^2.0.0",
        "map-obj": "^1.0.0"
      },
      "engines": {
        "node": ">=0.10.0"
      }
    },
    "node_modules/caseless": {
      "version": "0.12.0",
      "license": "Apache-2.0"
    },
    "node_modules/chalk": {
      "version": "2.4.2",
      "license": "MIT",
      "dependencies": {
        "ansi-styles": "^3.2.1",
        "escape-string-regexp": "^1.0.5",
        "supports-color": "^5.3.0"
      },
      "engines": {
        "node": ">=4"
      }
    },
    "node_modules/cli-table": {
      "version": "0.3.1",
      "dependencies": {
        "colors": "1.0.3"
      },
      "engines": {
        "node": ">= 0.2.0"
      }
    },
    "node_modules/color-convert": {
      "version": "1.9.3",
      "license": "MIT",
      "dependencies": {
        "color-name": "1.1.3"
      }
    },
    "node_modules/color-name": {
      "version": "1.1.3",
      "license": "MIT"
    },
    "node_modules/colors": {
      "version": "1.0.3",
      "license": "MIT",
      "engines": {
        "node": ">=0.1.90"
      }
    },
    "node_modules/combined-stream": {
      "version": "1.0.8",
      "license": "MIT",
      "dependencies": {
        "delayed-stream": "~1.0.0"
      },
      "engines": {
        "node": ">= 0.8"
      }
    },
    "node_modules/core-util-is": {
      "version": "1.0.2",
      "license": "MIT"
    },
    "node_modules/currently-unhandled": {
      "version": "0.4.1",
      "license": "MIT",
      "dependencies": {
        "array-find-index": "^1.0.1"
      },
      "engines": {
        "node": ">=0.10.0"
      }
    },
    "node_modules/dashdash": {
      "version": "1.14.1",
      "license": "MIT",
      "dependencies": {
        "assert-plus": "^1.0.0"
      },
      "engines": {
        "node": ">=0.10"
      }
    },
    "node_modules/decamelize": {
      "version": "1.2.0",
      "license": "MIT",
      "engines": {
        "node": ">=0.10.0"
      }
    },
    "node_modules/delayed-stream": {
      "version": "1.0.0",
      "license": "MIT",
      "engines": {
        "node": ">=0.4.0"
      }
    },
    "node_modules/ecc-jsbn": {
      "version": "0.1.2",
      "license": "MIT",
      "dependencies": {
        "jsbn": "~0.1.0",
        "safer-buffer": "^2.1.0"
      }
    },
    "node_modules/error-ex": {
      "version": "1.3.2",
      "license": "MIT",
      "dependencies": {
        "is-arrayish": "^0.2.1"
      }
    },
    "node_modules/escape-string-regexp": {
      "version": "1.0.5",
      "license": "MIT",
      "engines": {
        "node": ">=0.8.0"
      }
    },
    "node_modules/extend": {
      "version": "3.0.2",
      "license": "MIT"
    },
    "node_modules/extsprintf": {
      "version": "1.3.0",
      "engines": [
        "node >=0.6.0"
      ],
      "license": "MIT"
    },
    "node_modules/fast-deep-equal": {
      "version": "2.0.1",
      "license": "MIT"
    },
    "node_modules/fast-json-stable-stringify": {
      "version": "2.0.0",
      "license": "MIT"
    },
    "node_modules/find-up": {
      "version": "1.1.2",
      "license": "MIT",
      "dependencies": {
        "path-exists": "^2.0.0",
        "pinkie-promise": "^2.0.0"
      },
      "engines": {
        "node": ">=0.10.0"
      }
    },
    "node_modules/forever-agent": {
      "version": "0.6.1",
      "license": "Apache-2.0",
      "engines": {
        "node": "*"
      }
    },
    "node_modules/form-data": {
      "version": "2.3.3",
      "license": "MIT",
      "dependencies": {
        "asynckit": "^0.4.0",
        "combined-stream": "^1.0.6",
        "mime-types": "^2.1.12"
      },
      "engines": {
        "node": ">= 0.12"
      }
    },
    "node_modules/get-stdin": {
      "version": "4.0.1",
      "license": "MIT",
      "engines": {
        "node": ">=0.10.0"
      }
    },
    "node_modules/getpass": {
      "version": "0.1.7",
      "license": "MIT",
      "dependencies": {
        "assert-plus": "^1.0.0"
      }
    },
    "node_modules/graceful-fs": {
      "version": "4.1.15",
      "license": "ISC"
    },
    "node_modules/har-schema": {
      "version": "2.0.0",
      "license": "ISC",
      "engines": {
        "node": ">=4"
      }
    },
    "node_modules/har-validator": {
      "version": "5.1.3",
      "license": "MIT",
      "dependencies": {
        "ajv": "^6.5.5",
        "har-schema": "^2.0.0"
      },
      "engines": {
        "node": ">=6"
      }
    },
    "node_modules/has-flag": {
      "version": "3.0.0",
      "license": "MIT",
      "engines": {
        "node": ">=4"
      }
    },
    "node_modules/hosted-git-info": {
      "version": "2.7.1",
      "license": "ISC"
    },
    "node_modules/http-signature": {
      "version": "1.2.0",
      "license": "MIT",
      "dependencies": {
        "assert-plus": "^1.0.0",
        "jsprim": "^1.2.2",
        "sshpk": "^1.7.0"
      },
      "engines": {
        "node": ">=0.8",
        "npm": ">=1.3.7"
      }
    },
    "node_modules/indent-string": {
      "version": "2.1.0",
      "license": "MIT",
      "dependencies": {
        "repeating": "^2.0.0"
      },
      "engines": {
        "node": ">=0.10.0"
      }
    },
    "node_modules/is-arrayish": {
      "version": "0.2.1",
      "license": "MIT"
    },
    "node_modules/is-finite": {
      "version": "1.0.2",
      "license": "MIT",
      "dependencies": {
        "number-is-nan": "^1.0.0"
      },
      "engines": {
        "node": ">=0.10.0"
      }
    },
    "node_modules/is-typedarray": {
      "version": "1.0.0",
      "license": "MIT"
    },
    "node_modules/is-utf8": {
      "version": "0.2.1",
      "license": "MIT"
    },
    "node_modules/isstream": {
      "version": "0.1.2",
      "license": "MIT"
    },
    "node_modules/jsbn": {
      "version": "0.1.1",
      "license": "MIT"
    },
    "node_modules/json-schema": {
      "version": "0.2.3"
    },
    "node_modules/json-schema-traverse": {
      "version": "0.4.1",
      "license": "MIT"
    },
    "node_modules/json-stringify-safe": {
      "version": "5.0.1",
      "license": "ISC"
    },
    "node_modules/jsprim": {
      "version": "1.4.1",
      "engines": [
        "node >=0.6.0"
      ],
      "license": "MIT",
      "dependencies": {
        "assert-plus": "1.0.0",
        "extsprintf": "1.3.0",
        "json-schema": "0.2.3",
        "verror": "1.10.0"
      }
    },
    "node_modules/load-json-file": {
      "version": "1.1.0",
      "license": "MIT",
      "dependencies": {
        "graceful-fs": "^4.1.2",
        "parse-json": "^2.2.0",
        "pify": "^2.0.0",
        "pinkie-promise": "^2.0.0",
        "strip-bom": "^2.0.0"
      },
      "engines": {
        "node": ">=0.10.0"
      }
    },
    "node_modules/loud-rejection": {
      "version": "1.6.0",
      "license": "MIT",
      "dependencies": {
        "currently-unhandled": "^0.4.1",
        "signal-exit": "^3.0.0"
      },
      "engines": {
        "node": ">=0.10.0"
      }
    },
    "node_modules/map-obj": {
      "version": "1.0.1",
      "license": "MIT",
      "engines": {
        "node": ">=0.10.0"
      }
    },
    "node_modules/meow": {
      "version": "3.7.0",
      "license": "MIT",
      "dependencies": {
        "camelcase-keys": "^2.0.0",
        "decamelize": "^1.1.2",
        "loud-rejection": "^1.0.0",
        "map-obj": "^1.0.1",
        "minimist": "^1.1.3",
        "normalize-package-data": "^2.3.4",
        "object-assign": "^4.0.1",
        "read-pkg-up": "^1.0.1",
        "redent": "^1.0.0",
        "trim-newlines": "^1.0.0"
      },
      "engines": {
        "node": ">=0.10.0"
      }
    },
    "node_modules/mime-db": {
      "version": "1.40.0",
      "license": "MIT",
      "engines": {
        "node": ">= 0.6"
      }
    },
    "node_modules/mime-types": {
      "version": "2.1.24",
      "license": "MIT",
      "dependencies": {
        "mime-db": "1.40.0"
      },
      "engines": {
        "node": ">= 0.6"
      }
    },
    "node_modules/minimist": {
      "version": "1.2.0",
      "license": "MIT"
    },
    "node_modules/moment": {
      "version": "2.29.4",
      "resolved": "https://registry.npmjs.org/moment/-/moment-2.29.4.tgz",
      "integrity": "sha512-5LC9SOxjSc2HF6vO2CyuTDNivEdoz2IvyJJGj6X8DJ0eFyfszE0QiEd+iXmBvUP3WHxSjFH/vIsA0EN00cgr8w==",
      "engines": {
        "node": "*"
      }
    },
    "node_modules/normalize-package-data": {
      "version": "2.5.0",
      "license": "BSD-2-Clause",
      "dependencies": {
        "hosted-git-info": "^2.1.4",
        "resolve": "^1.10.0",
        "semver": "2 || 3 || 4 || 5",
        "validate-npm-package-license": "^3.0.1"
      }
    },
    "node_modules/number-is-nan": {
      "version": "1.0.1",
      "license": "MIT",
      "engines": {
        "node": ">=0.10.0"
      }
    },
    "node_modules/oauth-sign": {
      "version": "0.9.0",
      "license": "Apache-2.0",
      "engines": {
        "node": "*"
      }
    },
    "node_modules/object-assign": {
      "version": "4.1.1",
      "license": "MIT",
      "engines": {
        "node": ">=0.10.0"
      }
    },
    "node_modules/parse-json": {
      "version": "2.2.0",
      "license": "MIT",
      "dependencies": {
        "error-ex": "^1.2.0"
      },
      "engines": {
        "node": ">=0.10.0"
      }
    },
    "node_modules/path-exists": {
      "version": "2.1.0",
      "license": "MIT",
      "dependencies": {
        "pinkie-promise": "^2.0.0"
      },
      "engines": {
        "node": ">=0.10.0"
      }
    },
    "node_modules/path-parse": {
      "version": "1.0.6",
      "license": "MIT"
    },
    "node_modules/path-type": {
      "version": "1.1.0",
      "license": "MIT",
      "dependencies": {
        "graceful-fs": "^4.1.2",
        "pify": "^2.0.0",
        "pinkie-promise": "^2.0.0"
      },
      "engines": {
        "node": ">=0.10.0"
      }
    },
    "node_modules/performance-now": {
      "version": "2.1.0",
      "license": "MIT"
    },
    "node_modules/pify": {
      "version": "2.3.0",
      "license": "MIT",
      "engines": {
        "node": ">=0.10.0"
      }
    },
    "node_modules/pinkie": {
      "version": "2.0.4",
      "license": "MIT",
      "engines": {
        "node": ">=0.10.0"
      }
    },
    "node_modules/pinkie-promise": {
      "version": "2.0.1",
      "license": "MIT",
      "dependencies": {
        "pinkie": "^2.0.0"
      },
      "engines": {
        "node": ">=0.10.0"
      }
    },
    "node_modules/psl": {
      "version": "1.1.32",
      "license": "MIT"
    },
    "node_modules/punycode": {
      "version": "2.1.1",
      "license": "MIT",
      "engines": {
        "node": ">=6"
      }
    },
    "node_modules/qs": {
      "version": "6.5.2",
      "license": "BSD-3-Clause",
      "engines": {
        "node": ">=0.6"
      }
    },
    "node_modules/read-pkg": {
      "version": "1.1.0",
      "license": "MIT",
      "dependencies": {
        "load-json-file": "^1.0.0",
        "normalize-package-data": "^2.3.2",
        "path-type": "^1.0.0"
      },
      "engines": {
        "node": ">=0.10.0"
      }
    },
    "node_modules/read-pkg-up": {
      "version": "1.0.1",
      "license": "MIT",
      "dependencies": {
        "find-up": "^1.0.0",
        "read-pkg": "^1.0.0"
      },
      "engines": {
        "node": ">=0.10.0"
      }
    },
    "node_modules/redent": {
      "version": "1.0.0",
      "license": "MIT",
      "dependencies": {
        "indent-string": "^2.1.0",
        "strip-indent": "^1.0.1"
      },
      "engines": {
        "node": ">=0.10.0"
      }
    },
    "node_modules/repeating": {
      "version": "2.0.1",
      "license": "MIT",
      "dependencies": {
        "is-finite": "^1.0.0"
      },
      "engines": {
        "node": ">=0.10.0"
      }
    },
    "node_modules/request": {
      "version": "2.88.0",
      "license": "Apache-2.0",
      "dependencies": {
        "aws-sign2": "~0.7.0",
        "aws4": "^1.8.0",
        "caseless": "~0.12.0",
        "combined-stream": "~1.0.6",
        "extend": "~3.0.2",
        "forever-agent": "~0.6.1",
        "form-data": "~2.3.2",
        "har-validator": "~5.1.0",
        "http-signature": "~1.2.0",
        "is-typedarray": "~1.0.0",
        "isstream": "~0.1.2",
        "json-stringify-safe": "~5.0.1",
        "mime-types": "~2.1.19",
        "oauth-sign": "~0.9.0",
        "performance-now": "^2.1.0",
        "qs": "~6.5.2",
        "safe-buffer": "^5.1.2",
        "tough-cookie": "~2.4.3",
        "tunnel-agent": "^0.6.0",
        "uuid": "^3.3.2"
      },
      "engines": {
        "node": ">= 4"
      }
    },
    "node_modules/resolve": {
      "version": "1.11.0",
      "license": "MIT",
      "dependencies": {
        "path-parse": "^1.0.6"
      }
    },
    "node_modules/safe-buffer": {
      "version": "5.1.2",
      "license": "MIT"
    },
    "node_modules/safer-buffer": {
      "version": "2.1.2",
      "license": "MIT"
    },
    "node_modules/semver": {
      "version": "5.7.0",
      "license": "ISC",
      "bin": {
        "semver": "bin/semver"
      }
    },
    "node_modules/signal-exit": {
      "version": "3.0.2",
      "license": "ISC"
    },
    "node_modules/spdx-correct": {
      "version": "3.1.0",
      "license": "Apache-2.0",
      "dependencies": {
        "spdx-expression-parse": "^3.0.0",
        "spdx-license-ids": "^3.0.0"
      }
    },
    "node_modules/spdx-exceptions": {
      "version": "2.2.0",
      "license": "CC-BY-3.0"
    },
    "node_modules/spdx-expression-parse": {
      "version": "3.0.0",
      "license": "MIT",
      "dependencies": {
        "spdx-exceptions": "^2.1.0",
        "spdx-license-ids": "^3.0.0"
      }
    },
    "node_modules/spdx-license-ids": {
      "version": "3.0.4",
      "license": "CC0-1.0"
    },
    "node_modules/sshpk": {
      "version": "1.16.1",
      "license": "MIT",
      "dependencies": {
        "asn1": "~0.2.3",
        "assert-plus": "^1.0.0",
        "bcrypt-pbkdf": "^1.0.0",
        "dashdash": "^1.12.0",
        "ecc-jsbn": "~0.1.1",
        "getpass": "^0.1.1",
        "jsbn": "~0.1.0",
        "safer-buffer": "^2.0.2",
        "tweetnacl": "~0.14.0"
      },
      "bin": {
        "sshpk-conv": "bin/sshpk-conv",
        "sshpk-sign": "bin/sshpk-sign",
        "sshpk-verify": "bin/sshpk-verify"
      },
      "engines": {
        "node": ">=0.10.0"
      }
    },
    "node_modules/strip-bom": {
      "version": "2.0.0",
      "license": "MIT",
      "dependencies": {
        "is-utf8": "^0.2.0"
      },
      "engines": {
        "node": ">=0.10.0"
      }
    },
    "node_modules/strip-indent": {
      "version": "1.0.1",
      "license": "MIT",
      "dependencies": {
        "get-stdin": "^4.0.1"
      },
      "bin": {
        "strip-indent": "cli.js"
      },
      "engines": {
        "node": ">=0.10.0"
      }
    },
    "node_modules/supports-color": {
      "version": "5.5.0",
      "license": "MIT",
      "dependencies": {
        "has-flag": "^3.0.0"
      },
      "engines": {
        "node": ">=4"
      }
    },
    "node_modules/tough-cookie": {
      "version": "2.4.3",
      "license": "BSD-3-Clause",
      "dependencies": {
        "psl": "^1.1.24",
        "punycode": "^1.4.1"
      },
      "engines": {
        "node": ">=0.8"
      }
    },
    "node_modules/tough-cookie/node_modules/punycode": {
      "version": "1.4.1",
      "license": "MIT"
    },
    "node_modules/trim-newlines": {
      "version": "1.0.0",
      "license": "MIT",
      "engines": {
        "node": ">=0.10.0"
      }
    },
    "node_modules/tunnel-agent": {
      "version": "0.6.0",
      "license": "Apache-2.0",
      "dependencies": {
        "safe-buffer": "^5.0.1"
      },
      "engines": {
        "node": "*"
      }
    },
    "node_modules/tweetnacl": {
      "version": "0.14.5",
      "license": "Unlicense"
    },
    "node_modules/uri-js": {
      "version": "4.2.2",
      "license": "BSD-2-Clause",
      "dependencies": {
        "punycode": "^2.1.0"
      }
    },
    "node_modules/uuid": {
      "version": "3.3.2",
      "license": "MIT",
      "bin": {
        "uuid": "bin/uuid"
      }
    },
    "node_modules/validate-npm-package-license": {
      "version": "3.0.4",
      "license": "Apache-2.0",
      "dependencies": {
        "spdx-correct": "^3.0.0",
        "spdx-expression-parse": "^3.0.0"
      }
    },
    "node_modules/verror": {
      "version": "1.10.0",
      "engines": [
        "node >=0.6.0"
      ],
      "license": "MIT",
      "dependencies": {
        "assert-plus": "^1.0.0",
        "core-util-is": "1.0.2",
        "extsprintf": "^1.2.0"
      }
    }
  },
  "dependencies": {
    "ajv": {
      "version": "6.10.0",
      "requires": {
        "fast-deep-equal": "^2.0.1",
        "fast-json-stable-stringify": "^2.0.0",
        "json-schema-traverse": "^0.4.1",
        "uri-js": "^4.2.2"
      }
    },
    "ansi-styles": {
      "version": "3.2.1",
      "requires": {
        "color-convert": "^1.9.0"
      }
    },
    "array-find-index": {
      "version": "1.0.2"
    },
    "asn1": {
      "version": "0.2.4",
      "requires": {
        "safer-buffer": "~2.1.0"
      }
    },
    "assert-plus": {
      "version": "1.0.0"
    },
    "asynckit": {
      "version": "0.4.0"
    },
    "aws-sign2": {
      "version": "0.7.0"
    },
    "aws4": {
      "version": "1.8.0"
    },
    "bcrypt-pbkdf": {
      "version": "1.0.2",
      "requires": {
        "tweetnacl": "^0.14.3"
      }
    },
    "camelcase": {
      "version": "2.1.1"
    },
    "camelcase-keys": {
      "version": "2.1.0",
      "requires": {
        "camelcase": "^2.0.0",
        "map-obj": "^1.0.0"
      }
    },
    "caseless": {
      "version": "0.12.0"
    },
    "chalk": {
      "version": "2.4.2",
      "requires": {
        "ansi-styles": "^3.2.1",
        "escape-string-regexp": "^1.0.5",
        "supports-color": "^5.3.0"
      }
    },
    "cli-table": {
      "version": "0.3.1",
      "requires": {
        "colors": "1.0.3"
      }
    },
    "color-convert": {
      "version": "1.9.3",
      "requires": {
        "color-name": "1.1.3"
      }
    },
    "color-name": {
      "version": "1.1.3"
    },
    "colors": {
      "version": "1.0.3"
    },
    "combined-stream": {
      "version": "1.0.8",
      "requires": {
        "delayed-stream": "~1.0.0"
      }
    },
    "core-util-is": {
      "version": "1.0.2"
    },
    "currently-unhandled": {
      "version": "0.4.1",
      "requires": {
        "array-find-index": "^1.0.1"
      }
    },
    "dashdash": {
      "version": "1.14.1",
      "requires": {
        "assert-plus": "^1.0.0"
      }
    },
    "decamelize": {
      "version": "1.2.0"
    },
    "delayed-stream": {
      "version": "1.0.0"
    },
    "ecc-jsbn": {
      "version": "0.1.2",
      "requires": {
        "jsbn": "~0.1.0",
        "safer-buffer": "^2.1.0"
      }
    },
    "error-ex": {
      "version": "1.3.2",
      "requires": {
        "is-arrayish": "^0.2.1"
      }
    },
    "escape-string-regexp": {
      "version": "1.0.5"
    },
    "extend": {
      "version": "3.0.2"
    },
    "extsprintf": {
      "version": "1.3.0"
    },
    "fast-deep-equal": {
      "version": "2.0.1"
    },
    "fast-json-stable-stringify": {
      "version": "2.0.0"
    },
    "find-up": {
      "version": "1.1.2",
      "requires": {
        "path-exists": "^2.0.0",
        "pinkie-promise": "^2.0.0"
      }
    },
    "forever-agent": {
      "version": "0.6.1"
    },
    "form-data": {
      "version": "2.3.3",
      "requires": {
        "asynckit": "^0.4.0",
        "combined-stream": "^1.0.6",
        "mime-types": "^2.1.12"
      }
    },
    "get-stdin": {
      "version": "4.0.1"
    },
    "getpass": {
      "version": "0.1.7",
      "requires": {
        "assert-plus": "^1.0.0"
      }
    },
    "graceful-fs": {
      "version": "4.1.15"
    },
    "har-schema": {
      "version": "2.0.0"
    },
    "har-validator": {
      "version": "5.1.3",
      "requires": {
        "ajv": "^6.5.5",
        "har-schema": "^2.0.0"
      }
    },
    "has-flag": {
      "version": "3.0.0"
    },
    "hosted-git-info": {
      "version": "2.7.1"
    },
    "http-signature": {
      "version": "1.2.0",
      "requires": {
        "assert-plus": "^1.0.0",
        "jsprim": "^1.2.2",
        "sshpk": "^1.7.0"
      }
    },
    "indent-string": {
      "version": "2.1.0",
      "requires": {
        "repeating": "^2.0.0"
      }
    },
    "is-arrayish": {
      "version": "0.2.1"
    },
    "is-finite": {
      "version": "1.0.2",
      "requires": {
        "number-is-nan": "^1.0.0"
      }
    },
    "is-typedarray": {
      "version": "1.0.0"
    },
    "is-utf8": {
      "version": "0.2.1"
    },
    "isstream": {
      "version": "0.1.2"
    },
    "jsbn": {
      "version": "0.1.1"
    },
    "json-schema": {
      "version": "0.2.3"
    },
    "json-schema-traverse": {
      "version": "0.4.1"
    },
    "json-stringify-safe": {
      "version": "5.0.1"
    },
    "jsprim": {
      "version": "1.4.1",
      "requires": {
        "assert-plus": "1.0.0",
        "extsprintf": "1.3.0",
        "json-schema": "0.2.3",
        "verror": "1.10.0"
      }
    },
    "load-json-file": {
      "version": "1.1.0",
      "requires": {
        "graceful-fs": "^4.1.2",
        "parse-json": "^2.2.0",
        "pify": "^2.0.0",
        "pinkie-promise": "^2.0.0",
        "strip-bom": "^2.0.0"
      }
    },
    "loud-rejection": {
      "version": "1.6.0",
      "requires": {
        "currently-unhandled": "^0.4.1",
        "signal-exit": "^3.0.0"
      }
    },
    "map-obj": {
      "version": "1.0.1"
    },
    "meow": {
      "version": "3.7.0",
      "requires": {
        "camelcase-keys": "^2.0.0",
        "decamelize": "^1.1.2",
        "loud-rejection": "^1.0.0",
        "map-obj": "^1.0.1",
        "minimist": "^1.1.3",
        "normalize-package-data": "^2.3.4",
        "object-assign": "^4.0.1",
        "read-pkg-up": "^1.0.1",
        "redent": "^1.0.0",
        "trim-newlines": "^1.0.0"
      }
    },
    "mime-db": {
      "version": "1.40.0"
    },
    "mime-types": {
      "version": "2.1.24",
      "requires": {
        "mime-db": "1.40.0"
      }
    },
    "minimist": {
      "version": "1.2.0"
    },
    "moment": {
      "version": "2.29.4",
      "resolved": "https://registry.npmjs.org/moment/-/moment-2.29.4.tgz",
      "integrity": "sha512-5LC9SOxjSc2HF6vO2CyuTDNivEdoz2IvyJJGj6X8DJ0eFyfszE0QiEd+iXmBvUP3WHxSjFH/vIsA0EN00cgr8w=="
    },
    "normalize-package-data": {
      "version": "2.5.0",
      "requires": {
        "hosted-git-info": "^2.1.4",
        "resolve": "^1.10.0",
        "semver": "2 || 3 || 4 || 5",
        "validate-npm-package-license": "^3.0.1"
      }
    },
    "number-is-nan": {
      "version": "1.0.1"
    },
    "oauth-sign": {
      "version": "0.9.0"
    },
    "object-assign": {
      "version": "4.1.1"
    },
    "parse-json": {
      "version": "2.2.0",
      "requires": {
        "error-ex": "^1.2.0"
      }
    },
    "path-exists": {
      "version": "2.1.0",
      "requires": {
        "pinkie-promise": "^2.0.0"
      }
    },
    "path-parse": {
      "version": "1.0.6"
    },
    "path-type": {
      "version": "1.1.0",
      "requires": {
        "graceful-fs": "^4.1.2",
        "pify": "^2.0.0",
        "pinkie-promise": "^2.0.0"
      }
    },
    "performance-now": {
      "version": "2.1.0"
    },
    "pify": {
      "version": "2.3.0"
    },
    "pinkie": {
      "version": "2.0.4"
    },
    "pinkie-promise": {
      "version": "2.0.1",
      "requires": {
        "pinkie": "^2.0.0"
      }
    },
    "psl": {
      "version": "1.1.32"
    },
    "punycode": {
      "version": "2.1.1"
    },
    "qs": {
      "version": "6.5.2"
    },
    "read-pkg": {
      "version": "1.1.0",
      "requires": {
        "load-json-file": "^1.0.0",
        "normalize-package-data": "^2.3.2",
        "path-type": "^1.0.0"
      }
    },
    "read-pkg-up": {
      "version": "1.0.1",
      "requires": {
        "find-up": "^1.0.0",
        "read-pkg": "^1.0.0"
      }
    },
    "redent": {
      "version": "1.0.0",
      "requires": {
        "indent-string": "^2.1.0",
        "strip-indent": "^1.0.1"
      }
    },
    "repeating": {
      "version": "2.0.1",
      "requires": {
        "is-finite": "^1.0.0"
      }
    },
    "request": {
      "version": "2.88.0",
      "requires": {
        "aws-sign2": "~0.7.0",
        "aws4": "^1.8.0",
        "caseless": "~0.12.0",
        "combined-stream": "~1.0.6",
        "extend": "~3.0.2",
        "forever-agent": "~0.6.1",
        "form-data": "~2.3.2",
        "har-validator": "~5.1.0",
        "http-signature": "~1.2.0",
        "is-typedarray": "~1.0.0",
        "isstream": "~0.1.2",
        "json-stringify-safe": "~5.0.1",
        "mime-types": "~2.1.19",
        "oauth-sign": "~0.9.0",
        "performance-now": "^2.1.0",
        "qs": "~6.5.2",
        "safe-buffer": "^5.1.2",
        "tough-cookie": "~2.4.3",
        "tunnel-agent": "^0.6.0",
        "uuid": "^3.3.2"
      }
    },
    "resolve": {
      "version": "1.11.0",
      "requires": {
        "path-parse": "^1.0.6"
      }
    },
    "safe-buffer": {
      "version": "5.1.2"
    },
    "safer-buffer": {
      "version": "2.1.2"
    },
    "semver": {
      "version": "5.7.0"
    },
    "signal-exit": {
      "version": "3.0.2"
    },
    "spdx-correct": {
      "version": "3.1.0",
      "requires": {
        "spdx-expression-parse": "^3.0.0",
        "spdx-license-ids": "^3.0.0"
      }
    },
    "spdx-exceptions": {
      "version": "2.2.0"
    },
    "spdx-expression-parse": {
      "version": "3.0.0",
      "requires": {
        "spdx-exceptions": "^2.1.0",
        "spdx-license-ids": "^3.0.0"
      }
    },
    "spdx-license-ids": {
      "version": "3.0.4"
    },
    "sshpk": {
      "version": "1.16.1",
      "requires": {
        "asn1": "~0.2.3",
        "assert-plus": "^1.0.0",
        "bcrypt-pbkdf": "^1.0.0",
        "dashdash": "^1.12.0",
        "ecc-jsbn": "~0.1.1",
        "getpass": "^0.1.1",
        "jsbn": "~0.1.0",
        "safer-buffer": "^2.0.2",
        "tweetnacl": "~0.14.0"
      }
    },
    "strip-bom": {
      "version": "2.0.0",
      "requires": {
        "is-utf8": "^0.2.0"
      }
    },
    "strip-indent": {
      "version": "1.0.1",
      "requires": {
        "get-stdin": "^4.0.1"
      }
    },
    "supports-color": {
      "version": "5.5.0",
      "requires": {
        "has-flag": "^3.0.0"
      }
    },
    "tough-cookie": {
      "version": "2.4.3",
      "requires": {
        "psl": "^1.1.24",
        "punycode": "^1.4.1"
      },
      "dependencies": {
        "punycode": {
          "version": "1.4.1"
        }
      }
    },
    "trim-newlines": {
      "version": "1.0.0"
    },
    "tunnel-agent": {
      "version": "0.6.0",
      "requires": {
        "safe-buffer": "^5.0.1"
      }
    },
    "tweetnacl": {
      "version": "0.14.5"
    },
    "uri-js": {
      "version": "4.2.2",
      "requires": {
        "punycode": "^2.1.0"
      }
    },
    "uuid": {
      "version": "3.3.2"
    },
    "validate-npm-package-license": {
      "version": "3.0.4",
      "requires": {
        "spdx-correct": "^3.0.0",
        "spdx-expression-parse": "^3.0.0"
      }
    },
    "verror": {
      "version": "1.10.0",
      "requires": {
        "assert-plus": "^1.0.0",
        "core-util-is": "1.0.2",
        "extsprintf": "^1.2.0"
      }
    }
  }
}
